// !$*UTF8*$!
{
	archiveVersion = 1;
	classes = {
	};
	objectVersion = 50;
	objects = {

/* Begin PBXBuildFile section */
		BA0845342168F1A6009DDB72 /* JetLib.podspec in Resources */ = {isa = PBXBuildFile; fileRef = BA0845332168F1A5009DDB72 /* JetLib.podspec */; };
		BA18413B21B2D34600253718 /* Exception.swift in Sources */ = {isa = PBXBuildFile; fileRef = BA18413A21B2D34600253718 /* Exception.swift */; };
		BA18413D21B2D87B00253718 /* VIewModel+DataLoader.swift in Sources */ = {isa = PBXBuildFile; fileRef = BA18413C21B2D87B00253718 /* VIewModel+DataLoader.swift */; };
		BA18413F21B4170300253718 /* ViewModel+TaskStorage.swift in Sources */ = {isa = PBXBuildFile; fileRef = BA18413E21B4170300253718 /* ViewModel+TaskStorage.swift */; };
		BA436E76215FCE3C000A59D1 /* ContainerViewController.swift in Sources */ = {isa = PBXBuildFile; fileRef = BA436E75215FCE3C000A59D1 /* ContainerViewController.swift */; };
		BA4E95B8212F07A2009B2154 /* HttpClient+Requests.swift in Sources */ = {isa = PBXBuildFile; fileRef = BA4E95B7212F07A2009B2154 /* HttpClient+Requests.swift */; };
		BA541F56212D615500904EC4 /* ActionCommand.swift in Sources */ = {isa = PBXBuildFile; fileRef = BA541F55212D615400904EC4 /* ActionCommand.swift */; };
		BA541F8F212D662200904EC4 /* SpinLock.swift in Sources */ = {isa = PBXBuildFile; fileRef = BA9EB304211351590008C539 /* SpinLock.swift */; };
		BA54B826210B70E000A5F22F /* JetLib.framework in Frameworks */ = {isa = PBXBuildFile; fileRef = BA54B81C210B70DF00A5F22F /* JetLib.framework */; };
		BA54B82D210B70E000A5F22F /* JetLib.h in Headers */ = {isa = PBXBuildFile; fileRef = BA54B81F210B70DF00A5F22F /* JetLib.h */; settings = {ATTRIBUTES = (Public, ); }; };
		BA54B85E210B73BF00A5F22F /* UIButton+Command.swift in Sources */ = {isa = PBXBuildFile; fileRef = BA54B85A210B73BF00A5F22F /* UIButton+Command.swift */; };
		BA54B860210B73BF00A5F22F /* Command.swift in Sources */ = {isa = PBXBuildFile; fileRef = BA54B85B210B73BF00A5F22F /* Command.swift */; };
		BA54B862210B73BF00A5F22F /* SerialCommand.swift in Sources */ = {isa = PBXBuildFile; fileRef = BA54B85C210B73BF00A5F22F /* SerialCommand.swift */; };
		BA54B869210B73F600A5F22F /* Task+DispatchQueue.swift in Sources */ = {isa = PBXBuildFile; fileRef = BA54B867210B73F600A5F22F /* Task+DispatchQueue.swift */; };
		BA54B86B210B73F600A5F22F /* Task.swift in Sources */ = {isa = PBXBuildFile; fileRef = BA54B868210B73F600A5F22F /* Task.swift */; };
		BA66667F216371120004D41B /* ViewModel.swift in Sources */ = {isa = PBXBuildFile; fileRef = BA66667E216371120004D41B /* ViewModel.swift */; };
		BA6666812163711D0004D41B /* View.swift in Sources */ = {isa = PBXBuildFile; fileRef = BA6666802163711D0004D41B /* View.swift */; };
		BA6666832163717D0004D41B /* ViewModel+Updating.swift in Sources */ = {isa = PBXBuildFile; fileRef = BA6666822163717D0004D41B /* ViewModel+Updating.swift */; };
		BA6666862163850B0004D41B /* ViewModelTests.swift in Sources */ = {isa = PBXBuildFile; fileRef = BA6666852163850B0004D41B /* ViewModelTests.swift */; };
		BA6666882163B4EA0004D41B /* UIViewController+View.swift in Sources */ = {isa = PBXBuildFile; fileRef = BA6666872163B4EA0004D41B /* UIViewController+View.swift */; };
		BA66668A2163C3940004D41B /* ViewLifecycleTests.swift in Sources */ = {isa = PBXBuildFile; fileRef = BA6666892163C3940004D41B /* ViewLifecycleTests.swift */; };
		BA68135921D27C4A008BE2FA /* HttpClient+Decoding.swift in Sources */ = {isa = PBXBuildFile; fileRef = BA68135821D27C4A008BE2FA /* HttpClient+Decoding.swift */; };
		BA68135B21D29271008BE2FA /* HttpClient+Exception.swift in Sources */ = {isa = PBXBuildFile; fileRef = BA68135A21D29271008BE2FA /* HttpClient+Exception.swift */; };
		BA68136921D4D77C008BE2FA /* Alerts.swift in Sources */ = {isa = PBXBuildFile; fileRef = BA68136821D4D77C008BE2FA /* Alerts.swift */; };
		BA68136B21D4DD6B008BE2FA /* UIViewContlroller+Alerts.swift in Sources */ = {isa = PBXBuildFile; fileRef = BA68136A21D4DD6B008BE2FA /* UIViewContlroller+Alerts.swift */; };
		BA73AEEC21522D2C002AD0E9 /* HttpMocksTests.swift in Sources */ = {isa = PBXBuildFile; fileRef = BA73AEEB21522D2C002AD0E9 /* HttpMocksTests.swift */; };
		BA73AEEE21522E44002AD0E9 /* HttpClient+Mocks.swift in Sources */ = {isa = PBXBuildFile; fileRef = BA73AEED21522E44002AD0E9 /* HttpClient+Mocks.swift */; };
		BA7BF56A218CB20000647286 /* Observable+Validation.swift in Sources */ = {isa = PBXBuildFile; fileRef = BA7BF569218CB20000647286 /* Observable+Validation.swift */; };
		BA7CEDF8211C954000C81653 /* Task+Source.swift in Sources */ = {isa = PBXBuildFile; fileRef = BA7CEDF7211C954000C81653 /* Task+Source.swift */; };
		BA7CEDFB211C95C700C81653 /* Task+Status.swift in Sources */ = {isa = PBXBuildFile; fileRef = BA7CEDFA211C95C700C81653 /* Task+Status.swift */; };
		BA7CEDFE211C966400C81653 /* TaskSourceTests.swift in Sources */ = {isa = PBXBuildFile; fileRef = BA7CEDFD211C966400C81653 /* TaskSourceTests.swift */; };
		BA7D58CD21CFBFA3008A3177 /* Observable+Correction.swift in Sources */ = {isa = PBXBuildFile; fileRef = BA7D58CC21CFBFA3008A3177 /* Observable+Correction.swift */; };
		BA7D58CF21CFD9DA008A3177 /* Observable+Correction.swift in Sources */ = {isa = PBXBuildFile; fileRef = BA7D58CE21CFD9DA008A3177 /* Observable+Correction.swift */; };
		BA9EB30821135DDA0008C539 /* Task+Chain.swift in Sources */ = {isa = PBXBuildFile; fileRef = BA9EB30721135DDA0008C539 /* Task+Chain.swift */; };
		BA9F254E211CA679009ABE47 /* TaskChainTests.swift in Sources */ = {isa = PBXBuildFile; fileRef = BA9F254D211CA679009ABE47 /* TaskChainTests.swift */; };
		BAA652BF2188B77400E4BDC3 /* AppDelegate.swift in Sources */ = {isa = PBXBuildFile; fileRef = BAA652BE2188B77400E4BDC3 /* AppDelegate.swift */; };
		BAA652C12188B77400E4BDC3 /* ViewController.swift in Sources */ = {isa = PBXBuildFile; fileRef = BAA652C02188B77400E4BDC3 /* ViewController.swift */; };
		BAA652C42188B77400E4BDC3 /* Main.storyboard in Resources */ = {isa = PBXBuildFile; fileRef = BAA652C22188B77400E4BDC3 /* Main.storyboard */; };
		BAA652C62188B77400E4BDC3 /* Assets.xcassets in Resources */ = {isa = PBXBuildFile; fileRef = BAA652C52188B77400E4BDC3 /* Assets.xcassets */; };
		BAA652C92188B77400E4BDC3 /* LaunchScreen.storyboard in Resources */ = {isa = PBXBuildFile; fileRef = BAA652C72188B77400E4BDC3 /* LaunchScreen.storyboard */; };
		BAA652D22189DBEA00E4BDC3 /* UIControls+BindingTarget.swift in Sources */ = {isa = PBXBuildFile; fileRef = BAA652D12189DBEA00E4BDC3 /* UIControls+BindingTarget.swift */; };
		BAA652D4218A124200E4BDC3 /* BindingTarget.swift in Sources */ = {isa = PBXBuildFile; fileRef = BAA652D3218A124200E4BDC3 /* BindingTarget.swift */; };
		BAA652D6218A127200E4BDC3 /* ValueConverter.swift in Sources */ = {isa = PBXBuildFile; fileRef = BAA652D5218A127200E4BDC3 /* ValueConverter.swift */; };
		BAA652D8218AFD2900E4BDC3 /* BindingTargetTests.swift in Sources */ = {isa = PBXBuildFile; fileRef = BAA652D7218AFD2900E4BDC3 /* BindingTargetTests.swift */; };
		BAC44514213566F1005AB974 /* HttpClientBasicTests.swift in Sources */ = {isa = PBXBuildFile; fileRef = BAC44513213566F1005AB974 /* HttpClientBasicTests.swift */; };
		BAC4451921357BEC005AB974 /* TestError.swift in Sources */ = {isa = PBXBuildFile; fileRef = BAC4451821357BEC005AB974 /* TestError.swift */; };
		BAC4451B21357E19005AB974 /* HTTPURLResponse.swift in Sources */ = {isa = PBXBuildFile; fileRef = BAC4451A21357E19005AB974 /* HTTPURLResponse.swift */; };
		BAC4451D21358679005AB974 /* HttpClientHelpersTests.swift in Sources */ = {isa = PBXBuildFile; fileRef = BAC4451C21358679005AB974 /* HttpClientHelpersTests.swift */; };
		BAC445282136A112005AB974 /* TaskGroup.swift in Sources */ = {isa = PBXBuildFile; fileRef = BAC445272136A112005AB974 /* TaskGroup.swift */; };
		BAC4452D2137FCE0005AB974 /* TaskGroupTests.swift in Sources */ = {isa = PBXBuildFile; fileRef = BAC4452C2137FCE0005AB974 /* TaskGroupTests.swift */; };
		BAC82014210F7AAC0011DCF3 /* HttpClient.swift in Sources */ = {isa = PBXBuildFile; fileRef = BAC82013210F7AAC0011DCF3 /* HttpClient.swift */; };
		BAC820232111F0AF0011DCF3 /* TaskExecutionTests.swift in Sources */ = {isa = PBXBuildFile; fileRef = BAC820222111F0AF0011DCF3 /* TaskExecutionTests.swift */; };
		BACD957D21763AED008396D5 /* Observable.swift in Sources */ = {isa = PBXBuildFile; fileRef = BACD957C21763AED008396D5 /* Observable.swift */; };
		BACD958021775E94008396D5 /* ObservableTests.swift in Sources */ = {isa = PBXBuildFile; fileRef = BACD957F21775E94008396D5 /* ObservableTests.swift */; };
		BAD07B2F219E10D4003111E9 /* Observable+Merge.swift in Sources */ = {isa = PBXBuildFile; fileRef = BAD07B2E219E10D4003111E9 /* Observable+Merge.swift */; };
		BAD07BA8217001D500F0B451 /* AsyncCommand.swift in Sources */ = {isa = PBXBuildFile; fileRef = BAD07BA7217001D500F0B451 /* AsyncCommand.swift */; };
		BAD07BAA2170108E00F0B451 /* AsyncCommandTests.swift in Sources */ = {isa = PBXBuildFile; fileRef = BAD07BA92170108E00F0B451 /* AsyncCommandTests.swift */; };
		BAD7481A213823D100259F95 /* ActionCommandTests.swift in Sources */ = {isa = PBXBuildFile; fileRef = BAD74819213823D100259F95 /* ActionCommandTests.swift */; };
		BAD7481C213823F000259F95 /* UIButtonCommandTests.swift in Sources */ = {isa = PBXBuildFile; fileRef = BAD7481B213823F000259F95 /* UIButtonCommandTests.swift */; };
		BADE86F421A828D600282B1B /* SlideMenu.swift in Sources */ = {isa = PBXBuildFile; fileRef = BADE86F321A828D600282B1B /* SlideMenu.swift */; };
		BAE6485821384CC9000BB449 /* XCTestCase.swift in Sources */ = {isa = PBXBuildFile; fileRef = BAE6485721384CC9000BB449 /* XCTestCase.swift */; };
		BAED2511218CD46B00F68E96 /* BindingTarget+Validation.swift in Sources */ = {isa = PBXBuildFile; fileRef = BAED2510218CD46B00F68E96 /* BindingTarget+Validation.swift */; };
		BAED2513218CD7DF00F68E96 /* Binding.swift in Sources */ = {isa = PBXBuildFile; fileRef = BAED2512218CD7DF00F68E96 /* Binding.swift */; };
		BAF27E8F219046AA0075B6F1 /* ViewModelUpdatingTests.swift in Sources */ = {isa = PBXBuildFile; fileRef = BAF27E8E219046AA0075B6F1 /* ViewModelUpdatingTests.swift */; };
		BAF27E9321906E390075B6F1 /* BindingValidationTests.swift in Sources */ = {isa = PBXBuildFile; fileRef = BAF27E9221906E390075B6F1 /* BindingValidationTests.swift */; };
/* End PBXBuildFile section */

/* Begin PBXContainerItemProxy section */
		BA54B827210B70E000A5F22F /* PBXContainerItemProxy */ = {
			isa = PBXContainerItemProxy;
			containerPortal = BA54B813210B70DF00A5F22F /* Project object */;
			proxyType = 1;
			remoteGlobalIDString = BA54B81B210B70DF00A5F22F;
			remoteInfo = JetLib;
		};
		BAA652CE2188B78100E4BDC3 /* PBXContainerItemProxy */ = {
			isa = PBXContainerItemProxy;
			containerPortal = BA54B813210B70DF00A5F22F /* Project object */;
			proxyType = 1;
			remoteGlobalIDString = BAA652BB2188B77400E4BDC3;
			remoteInfo = fakeTestApp;
		};
/* End PBXContainerItemProxy section */

/* Begin PBXFileReference section */
		BA0845332168F1A5009DDB72 /* JetLib.podspec */ = {isa = PBXFileReference; explicitFileType = text.script.ruby; fileEncoding = 4; name = JetLib.podspec; path = ../../../JetLib.podspec; sourceTree = "<group>"; };
		BA18413A21B2D34600253718 /* Exception.swift */ = {isa = PBXFileReference; lastKnownFileType = sourcecode.swift; path = Exception.swift; sourceTree = "<group>"; };
		BA18413C21B2D87B00253718 /* VIewModel+DataLoader.swift */ = {isa = PBXFileReference; lastKnownFileType = sourcecode.swift; path = "VIewModel+DataLoader.swift"; sourceTree = "<group>"; };
		BA18413E21B4170300253718 /* ViewModel+TaskStorage.swift */ = {isa = PBXFileReference; lastKnownFileType = sourcecode.swift; path = "ViewModel+TaskStorage.swift"; sourceTree = "<group>"; };
		BA436E75215FCE3C000A59D1 /* ContainerViewController.swift */ = {isa = PBXFileReference; lastKnownFileType = sourcecode.swift; path = ContainerViewController.swift; sourceTree = "<group>"; };
		BA4E95B7212F07A2009B2154 /* HttpClient+Requests.swift */ = {isa = PBXFileReference; lastKnownFileType = sourcecode.swift; path = "HttpClient+Requests.swift"; sourceTree = "<group>"; };
		BA541F55212D615400904EC4 /* ActionCommand.swift */ = {isa = PBXFileReference; fileEncoding = 4; lastKnownFileType = sourcecode.swift; path = ActionCommand.swift; sourceTree = "<group>"; };
		BA54B81C210B70DF00A5F22F /* JetLib.framework */ = {isa = PBXFileReference; explicitFileType = wrapper.framework; includeInIndex = 0; path = JetLib.framework; sourceTree = BUILT_PRODUCTS_DIR; };
		BA54B81F210B70DF00A5F22F /* JetLib.h */ = {isa = PBXFileReference; lastKnownFileType = sourcecode.c.h; path = JetLib.h; sourceTree = "<group>"; };
		BA54B820210B70E000A5F22F /* Info.plist */ = {isa = PBXFileReference; lastKnownFileType = text.plist.xml; path = Info.plist; sourceTree = "<group>"; };
		BA54B825210B70E000A5F22F /* JetLibTests.xctest */ = {isa = PBXFileReference; explicitFileType = wrapper.cfbundle; includeInIndex = 0; path = JetLibTests.xctest; sourceTree = BUILT_PRODUCTS_DIR; };
		BA54B82C210B70E000A5F22F /* Info.plist */ = {isa = PBXFileReference; lastKnownFileType = text.plist.xml; path = Info.plist; sourceTree = "<group>"; };
		BA54B85A210B73BF00A5F22F /* UIButton+Command.swift */ = {isa = PBXFileReference; fileEncoding = 4; lastKnownFileType = sourcecode.swift; path = "UIButton+Command.swift"; sourceTree = "<group>"; };
		BA54B85B210B73BF00A5F22F /* Command.swift */ = {isa = PBXFileReference; fileEncoding = 4; lastKnownFileType = sourcecode.swift; path = Command.swift; sourceTree = "<group>"; };
		BA54B85C210B73BF00A5F22F /* SerialCommand.swift */ = {isa = PBXFileReference; fileEncoding = 4; lastKnownFileType = sourcecode.swift; path = SerialCommand.swift; sourceTree = "<group>"; };
		BA54B867210B73F600A5F22F /* Task+DispatchQueue.swift */ = {isa = PBXFileReference; fileEncoding = 4; lastKnownFileType = sourcecode.swift; path = "Task+DispatchQueue.swift"; sourceTree = "<group>"; };
		BA54B868210B73F600A5F22F /* Task.swift */ = {isa = PBXFileReference; fileEncoding = 4; lastKnownFileType = sourcecode.swift; path = Task.swift; sourceTree = "<group>"; };
		BA66667E216371120004D41B /* ViewModel.swift */ = {isa = PBXFileReference; lastKnownFileType = sourcecode.swift; path = ViewModel.swift; sourceTree = "<group>"; };
		BA6666802163711D0004D41B /* View.swift */ = {isa = PBXFileReference; lastKnownFileType = sourcecode.swift; path = View.swift; sourceTree = "<group>"; };
		BA6666822163717D0004D41B /* ViewModel+Updating.swift */ = {isa = PBXFileReference; lastKnownFileType = sourcecode.swift; path = "ViewModel+Updating.swift"; sourceTree = "<group>"; };
		BA6666852163850B0004D41B /* ViewModelTests.swift */ = {isa = PBXFileReference; lastKnownFileType = sourcecode.swift; path = ViewModelTests.swift; sourceTree = "<group>"; };
		BA6666872163B4EA0004D41B /* UIViewController+View.swift */ = {isa = PBXFileReference; lastKnownFileType = sourcecode.swift; path = "UIViewController+View.swift"; sourceTree = "<group>"; };
		BA6666892163C3940004D41B /* ViewLifecycleTests.swift */ = {isa = PBXFileReference; lastKnownFileType = sourcecode.swift; path = ViewLifecycleTests.swift; sourceTree = "<group>"; };
		BA68135821D27C4A008BE2FA /* HttpClient+Decoding.swift */ = {isa = PBXFileReference; lastKnownFileType = sourcecode.swift; path = "HttpClient+Decoding.swift"; sourceTree = "<group>"; };
		BA68135A21D29271008BE2FA /* HttpClient+Exception.swift */ = {isa = PBXFileReference; lastKnownFileType = sourcecode.swift; path = "HttpClient+Exception.swift"; sourceTree = "<group>"; };
		BA68136821D4D77C008BE2FA /* Alerts.swift */ = {isa = PBXFileReference; lastKnownFileType = sourcecode.swift; path = Alerts.swift; sourceTree = "<group>"; };
		BA68136A21D4DD6B008BE2FA /* UIViewContlroller+Alerts.swift */ = {isa = PBXFileReference; lastKnownFileType = sourcecode.swift; path = "UIViewContlroller+Alerts.swift"; sourceTree = "<group>"; };
		BA73AEEB21522D2C002AD0E9 /* HttpMocksTests.swift */ = {isa = PBXFileReference; lastKnownFileType = sourcecode.swift; path = HttpMocksTests.swift; sourceTree = "<group>"; };
		BA73AEED21522E44002AD0E9 /* HttpClient+Mocks.swift */ = {isa = PBXFileReference; lastKnownFileType = sourcecode.swift; path = "HttpClient+Mocks.swift"; sourceTree = "<group>"; };
		BA7BF569218CB20000647286 /* Observable+Validation.swift */ = {isa = PBXFileReference; lastKnownFileType = sourcecode.swift; path = "Observable+Validation.swift"; sourceTree = "<group>"; };
		BA7CEDF7211C954000C81653 /* Task+Source.swift */ = {isa = PBXFileReference; lastKnownFileType = sourcecode.swift; path = "Task+Source.swift"; sourceTree = "<group>"; };
		BA7CEDFA211C95C700C81653 /* Task+Status.swift */ = {isa = PBXFileReference; lastKnownFileType = sourcecode.swift; path = "Task+Status.swift"; sourceTree = "<group>"; };
		BA7CEDFD211C966400C81653 /* TaskSourceTests.swift */ = {isa = PBXFileReference; lastKnownFileType = sourcecode.swift; path = TaskSourceTests.swift; sourceTree = "<group>"; };
		BA7D58CC21CFBFA3008A3177 /* Observable+Correction.swift */ = {isa = PBXFileReference; lastKnownFileType = sourcecode.swift; path = "Observable+Correction.swift"; sourceTree = "<group>"; };
		BA7D58CE21CFD9DA008A3177 /* Observable+Correction.swift */ = {isa = PBXFileReference; lastKnownFileType = sourcecode.swift; path = "Observable+Correction.swift"; sourceTree = "<group>"; };
		BA9EB304211351590008C539 /* SpinLock.swift */ = {isa = PBXFileReference; lastKnownFileType = sourcecode.swift; path = SpinLock.swift; sourceTree = "<group>"; };
		BA9EB30721135DDA0008C539 /* Task+Chain.swift */ = {isa = PBXFileReference; lastKnownFileType = sourcecode.swift; path = "Task+Chain.swift"; sourceTree = "<group>"; };
		BA9F254D211CA679009ABE47 /* TaskChainTests.swift */ = {isa = PBXFileReference; lastKnownFileType = sourcecode.swift; path = TaskChainTests.swift; sourceTree = "<group>"; };
		BAA652BC2188B77400E4BDC3 /* fakeTestApp.app */ = {isa = PBXFileReference; explicitFileType = wrapper.application; includeInIndex = 0; path = fakeTestApp.app; sourceTree = BUILT_PRODUCTS_DIR; };
		BAA652BE2188B77400E4BDC3 /* AppDelegate.swift */ = {isa = PBXFileReference; lastKnownFileType = sourcecode.swift; path = AppDelegate.swift; sourceTree = "<group>"; };
		BAA652C02188B77400E4BDC3 /* ViewController.swift */ = {isa = PBXFileReference; lastKnownFileType = sourcecode.swift; path = ViewController.swift; sourceTree = "<group>"; };
		BAA652C32188B77400E4BDC3 /* Base */ = {isa = PBXFileReference; lastKnownFileType = file.storyboard; name = Base; path = Base.lproj/Main.storyboard; sourceTree = "<group>"; };
		BAA652C52188B77400E4BDC3 /* Assets.xcassets */ = {isa = PBXFileReference; lastKnownFileType = folder.assetcatalog; path = Assets.xcassets; sourceTree = "<group>"; };
		BAA652C82188B77400E4BDC3 /* Base */ = {isa = PBXFileReference; lastKnownFileType = file.storyboard; name = Base; path = Base.lproj/LaunchScreen.storyboard; sourceTree = "<group>"; };
		BAA652CA2188B77400E4BDC3 /* Info.plist */ = {isa = PBXFileReference; lastKnownFileType = text.plist.xml; path = Info.plist; sourceTree = "<group>"; };
		BAA652D12189DBEA00E4BDC3 /* UIControls+BindingTarget.swift */ = {isa = PBXFileReference; lastKnownFileType = sourcecode.swift; path = "UIControls+BindingTarget.swift"; sourceTree = "<group>"; };
		BAA652D3218A124200E4BDC3 /* BindingTarget.swift */ = {isa = PBXFileReference; lastKnownFileType = sourcecode.swift; path = BindingTarget.swift; sourceTree = "<group>"; };
		BAA652D5218A127200E4BDC3 /* ValueConverter.swift */ = {isa = PBXFileReference; lastKnownFileType = sourcecode.swift; path = ValueConverter.swift; sourceTree = "<group>"; };
		BAA652D7218AFD2900E4BDC3 /* BindingTargetTests.swift */ = {isa = PBXFileReference; lastKnownFileType = sourcecode.swift; path = BindingTargetTests.swift; sourceTree = "<group>"; };
		BAC44513213566F1005AB974 /* HttpClientBasicTests.swift */ = {isa = PBXFileReference; lastKnownFileType = sourcecode.swift; path = HttpClientBasicTests.swift; sourceTree = "<group>"; };
		BAC4451821357BEC005AB974 /* TestError.swift */ = {isa = PBXFileReference; lastKnownFileType = sourcecode.swift; path = TestError.swift; sourceTree = "<group>"; };
		BAC4451A21357E19005AB974 /* HTTPURLResponse.swift */ = {isa = PBXFileReference; lastKnownFileType = sourcecode.swift; path = HTTPURLResponse.swift; sourceTree = "<group>"; };
		BAC4451C21358679005AB974 /* HttpClientHelpersTests.swift */ = {isa = PBXFileReference; lastKnownFileType = sourcecode.swift; path = HttpClientHelpersTests.swift; sourceTree = "<group>"; };
		BAC445272136A112005AB974 /* TaskGroup.swift */ = {isa = PBXFileReference; lastKnownFileType = sourcecode.swift; path = TaskGroup.swift; sourceTree = "<group>"; };
		BAC4452C2137FCE0005AB974 /* TaskGroupTests.swift */ = {isa = PBXFileReference; lastKnownFileType = sourcecode.swift; path = TaskGroupTests.swift; sourceTree = "<group>"; };
		BAC82013210F7AAC0011DCF3 /* HttpClient.swift */ = {isa = PBXFileReference; lastKnownFileType = sourcecode.swift; path = HttpClient.swift; sourceTree = "<group>"; };
		BAC820222111F0AF0011DCF3 /* TaskExecutionTests.swift */ = {isa = PBXFileReference; lastKnownFileType = sourcecode.swift; path = TaskExecutionTests.swift; sourceTree = "<group>"; };
		BACD957C21763AED008396D5 /* Observable.swift */ = {isa = PBXFileReference; lastKnownFileType = sourcecode.swift; path = Observable.swift; sourceTree = "<group>"; };
		BACD957F21775E94008396D5 /* ObservableTests.swift */ = {isa = PBXFileReference; lastKnownFileType = sourcecode.swift; path = ObservableTests.swift; sourceTree = "<group>"; };
		BAD07B2E219E10D4003111E9 /* Observable+Merge.swift */ = {isa = PBXFileReference; lastKnownFileType = sourcecode.swift; path = "Observable+Merge.swift"; sourceTree = "<group>"; };
		BAD07BA7217001D500F0B451 /* AsyncCommand.swift */ = {isa = PBXFileReference; lastKnownFileType = sourcecode.swift; path = AsyncCommand.swift; sourceTree = "<group>"; };
		BAD07BA92170108E00F0B451 /* AsyncCommandTests.swift */ = {isa = PBXFileReference; lastKnownFileType = sourcecode.swift; path = AsyncCommandTests.swift; sourceTree = "<group>"; };
		BAD74819213823D100259F95 /* ActionCommandTests.swift */ = {isa = PBXFileReference; lastKnownFileType = sourcecode.swift; path = ActionCommandTests.swift; sourceTree = "<group>"; };
		BAD7481B213823F000259F95 /* UIButtonCommandTests.swift */ = {isa = PBXFileReference; lastKnownFileType = sourcecode.swift; path = UIButtonCommandTests.swift; sourceTree = "<group>"; };
		BADE86F321A828D600282B1B /* SlideMenu.swift */ = {isa = PBXFileReference; lastKnownFileType = sourcecode.swift; path = SlideMenu.swift; sourceTree = "<group>"; };
		BAE6485721384CC9000BB449 /* XCTestCase.swift */ = {isa = PBXFileReference; lastKnownFileType = sourcecode.swift; path = XCTestCase.swift; sourceTree = "<group>"; };
		BAED2510218CD46B00F68E96 /* BindingTarget+Validation.swift */ = {isa = PBXFileReference; lastKnownFileType = sourcecode.swift; path = "BindingTarget+Validation.swift"; sourceTree = "<group>"; };
		BAED2512218CD7DF00F68E96 /* Binding.swift */ = {isa = PBXFileReference; lastKnownFileType = sourcecode.swift; path = Binding.swift; sourceTree = "<group>"; };
		BAF27E8E219046AA0075B6F1 /* ViewModelUpdatingTests.swift */ = {isa = PBXFileReference; lastKnownFileType = sourcecode.swift; path = ViewModelUpdatingTests.swift; sourceTree = "<group>"; };
		BAF27E9221906E390075B6F1 /* BindingValidationTests.swift */ = {isa = PBXFileReference; lastKnownFileType = sourcecode.swift; path = BindingValidationTests.swift; sourceTree = "<group>"; };
/* End PBXFileReference section */

/* Begin PBXFrameworksBuildPhase section */
		BA54B818210B70DF00A5F22F /* Frameworks */ = {
			isa = PBXFrameworksBuildPhase;
			buildActionMask = 2147483647;
			files = (
			);
			runOnlyForDeploymentPostprocessing = 0;
		};
		BA54B822210B70E000A5F22F /* Frameworks */ = {
			isa = PBXFrameworksBuildPhase;
			buildActionMask = 2147483647;
			files = (
				BA54B826210B70E000A5F22F /* JetLib.framework in Frameworks */,
			);
			runOnlyForDeploymentPostprocessing = 0;
		};
		BAA652B92188B77400E4BDC3 /* Frameworks */ = {
			isa = PBXFrameworksBuildPhase;
			buildActionMask = 2147483647;
			files = (
			);
			runOnlyForDeploymentPostprocessing = 0;
		};
/* End PBXFrameworksBuildPhase section */

/* Begin PBXGroup section */
		BA436E72215FCDE8000A59D1 /* ViewControllers */ = {
			isa = PBXGroup;
			children = (
				BA436E75215FCE3C000A59D1 /* ContainerViewController.swift */,
				BADE86F321A828D600282B1B /* SlideMenu.swift */,
			);
			path = ViewControllers;
			sourceTree = "<group>";
		};
		BA54B812210B70DF00A5F22F = {
			isa = PBXGroup;
			children = (
				BA54B81E210B70DF00A5F22F /* JetLib */,
				BA54B829210B70E000A5F22F /* JetLibTests */,
				BAA652BD2188B77400E4BDC3 /* fakeTestApp */,
				BA54B81D210B70DF00A5F22F /* Products */,
			);
			sourceTree = "<group>";
		};
		BA54B81D210B70DF00A5F22F /* Products */ = {
			isa = PBXGroup;
			children = (
				BA54B81C210B70DF00A5F22F /* JetLib.framework */,
				BA54B825210B70E000A5F22F /* JetLibTests.xctest */,
				BAA652BC2188B77400E4BDC3 /* fakeTestApp.app */,
			);
			name = Products;
			sourceTree = "<group>";
		};
		BA54B81E210B70DF00A5F22F /* JetLib */ = {
			isa = PBXGroup;
			children = (
				BA9EB303211351440008C539 /* Common */,
				BA54B866210B73D700A5F22F /* Task */,
				BAC82012210F7A880011DCF3 /* Http */,
				BA436E72215FCDE8000A59D1 /* ViewControllers */,
				BA66667D2163702B0004D41B /* Mvvm */,
				BAA652D02189DBBF00E4BDC3 /* DataBindings */,
				BA54B84D210B739100A5F22F /* Command */,
				BA0845332168F1A5009DDB72 /* JetLib.podspec */,
				BA54B81F210B70DF00A5F22F /* JetLib.h */,
				BA54B820210B70E000A5F22F /* Info.plist */,
			);
			path = JetLib;
			sourceTree = "<group>";
		};
		BA54B829210B70E000A5F22F /* JetLibTests */ = {
			isa = PBXGroup;
			children = (
				BAC4451721357BD5005AB974 /* Utils */,
				BAC820202111F0630011DCF3 /* Task */,
				BAC8201F2111F05D0011DCF3 /* Http */,
				BA666684216384E50004D41B /* Mvvm */,
				BACD957E21775E78008396D5 /* DataBindings */,
				BAC820212111F06C0011DCF3 /* Command */,
				BA54B82C210B70E000A5F22F /* Info.plist */,
			);
			path = JetLibTests;
			sourceTree = "<group>";
		};
		BA54B84D210B739100A5F22F /* Command */ = {
			isa = PBXGroup;
			children = (
				BA541F55212D615400904EC4 /* ActionCommand.swift */,
				BAD07BA7217001D500F0B451 /* AsyncCommand.swift */,
				BA54B85B210B73BF00A5F22F /* Command.swift */,
				BA54B85C210B73BF00A5F22F /* SerialCommand.swift */,
				BA54B85A210B73BF00A5F22F /* UIButton+Command.swift */,
			);
			path = Command;
			sourceTree = "<group>";
		};
		BA54B866210B73D700A5F22F /* Task */ = {
			isa = PBXGroup;
			children = (
				BA54B868210B73F600A5F22F /* Task.swift */,
				BA7CEDFA211C95C700C81653 /* Task+Status.swift */,
				BA7CEDF7211C954000C81653 /* Task+Source.swift */,
				BA9EB30721135DDA0008C539 /* Task+Chain.swift */,
				BA54B867210B73F600A5F22F /* Task+DispatchQueue.swift */,
				BAC445272136A112005AB974 /* TaskGroup.swift */,
			);
			path = Task;
			sourceTree = "<group>";
		};
		BA66667D2163702B0004D41B /* Mvvm */ = {
			isa = PBXGroup;
			children = (
				BA6666802163711D0004D41B /* View.swift */,
				BA6666872163B4EA0004D41B /* UIViewController+View.swift */,
				BA66667E216371120004D41B /* ViewModel.swift */,
				BA18413E21B4170300253718 /* ViewModel+TaskStorage.swift */,
				BA18413C21B2D87B00253718 /* VIewModel+DataLoader.swift */,
				BA6666822163717D0004D41B /* ViewModel+Updating.swift */,
				BA68136821D4D77C008BE2FA /* Alerts.swift */,
				BA68136A21D4DD6B008BE2FA /* UIViewContlroller+Alerts.swift */,
			);
			path = Mvvm;
			sourceTree = "<group>";
		};
		BA666684216384E50004D41B /* Mvvm */ = {
			isa = PBXGroup;
			children = (
				BA6666852163850B0004D41B /* ViewModelTests.swift */,
				BAF27E8E219046AA0075B6F1 /* ViewModelUpdatingTests.swift */,
				BA6666892163C3940004D41B /* ViewLifecycleTests.swift */,
			);
			path = Mvvm;
			sourceTree = "<group>";
		};
		BA9EB303211351440008C539 /* Common */ = {
			isa = PBXGroup;
			children = (
				BA9EB304211351590008C539 /* SpinLock.swift */,
				BA18413A21B2D34600253718 /* Exception.swift */,
			);
			path = Common;
			sourceTree = "<group>";
		};
		BAA652BD2188B77400E4BDC3 /* fakeTestApp */ = {
			isa = PBXGroup;
			children = (
				BAA652BE2188B77400E4BDC3 /* AppDelegate.swift */,
				BAA652C02188B77400E4BDC3 /* ViewController.swift */,
				BAA652C22188B77400E4BDC3 /* Main.storyboard */,
				BAA652C52188B77400E4BDC3 /* Assets.xcassets */,
				BAA652C72188B77400E4BDC3 /* LaunchScreen.storyboard */,
				BAA652CA2188B77400E4BDC3 /* Info.plist */,
			);
			path = fakeTestApp;
			sourceTree = "<group>";
		};
		BAA652D02189DBBF00E4BDC3 /* DataBindings */ = {
			isa = PBXGroup;
			children = (
				BACD957C21763AED008396D5 /* Observable.swift */,
				BA7BF569218CB20000647286 /* Observable+Validation.swift */,
				BA7D58CC21CFBFA3008A3177 /* Observable+Correction.swift */,
				BAD07B2E219E10D4003111E9 /* Observable+Merge.swift */,
				BAA652D5218A127200E4BDC3 /* ValueConverter.swift */,
				BAED2512218CD7DF00F68E96 /* Binding.swift */,
				BAA652D3218A124200E4BDC3 /* BindingTarget.swift */,
				BAED2510218CD46B00F68E96 /* BindingTarget+Validation.swift */,
				BAA652D12189DBEA00E4BDC3 /* UIControls+BindingTarget.swift */,
			);
			path = DataBindings;
			sourceTree = "<group>";
		};
		BAC4451721357BD5005AB974 /* Utils */ = {
			isa = PBXGroup;
			children = (
				BAC4451821357BEC005AB974 /* TestError.swift */,
				BAC4451A21357E19005AB974 /* HTTPURLResponse.swift */,
				BAE6485721384CC9000BB449 /* XCTestCase.swift */,
			);
			path = Utils;
			sourceTree = "<group>";
		};
		BAC82012210F7A880011DCF3 /* Http */ = {
			isa = PBXGroup;
			children = (
				BAC82013210F7AAC0011DCF3 /* HttpClient.swift */,
				BA4E95B7212F07A2009B2154 /* HttpClient+Requests.swift */,
				BA68135821D27C4A008BE2FA /* HttpClient+Decoding.swift */,
				BA68135A21D29271008BE2FA /* HttpClient+Exception.swift */,
				BA73AEED21522E44002AD0E9 /* HttpClient+Mocks.swift */,
			);
			path = Http;
			sourceTree = "<group>";
		};
		BAC8201F2111F05D0011DCF3 /* Http */ = {
			isa = PBXGroup;
			children = (
				BAC44513213566F1005AB974 /* HttpClientBasicTests.swift */,
				BAC4451C21358679005AB974 /* HttpClientHelpersTests.swift */,
				BA73AEEB21522D2C002AD0E9 /* HttpMocksTests.swift */,
			);
			path = Http;
			sourceTree = "<group>";
		};
		BAC820202111F0630011DCF3 /* Task */ = {
			isa = PBXGroup;
			children = (
				BAC820222111F0AF0011DCF3 /* TaskExecutionTests.swift */,
				BA9F254D211CA679009ABE47 /* TaskChainTests.swift */,
				BA7CEDFD211C966400C81653 /* TaskSourceTests.swift */,
				BAC4452C2137FCE0005AB974 /* TaskGroupTests.swift */,
			);
			path = Task;
			sourceTree = "<group>";
		};
		BAC820212111F06C0011DCF3 /* Command */ = {
			isa = PBXGroup;
			children = (
				BAD74819213823D100259F95 /* ActionCommandTests.swift */,
				BAD07BA92170108E00F0B451 /* AsyncCommandTests.swift */,
				BAD7481B213823F000259F95 /* UIButtonCommandTests.swift */,
			);
			path = Command;
			sourceTree = "<group>";
		};
		BACD957E21775E78008396D5 /* DataBindings */ = {
			isa = PBXGroup;
			children = (
				BACD957F21775E94008396D5 /* ObservableTests.swift */,
				BAA652D7218AFD2900E4BDC3 /* BindingTargetTests.swift */,
				BAF27E9221906E390075B6F1 /* BindingValidationTests.swift */,
				BA7D58CE21CFD9DA008A3177 /* Observable+Correction.swift */,
			);
			path = DataBindings;
			sourceTree = "<group>";
		};
/* End PBXGroup section */

/* Begin PBXHeadersBuildPhase section */
		BA54B819210B70DF00A5F22F /* Headers */ = {
			isa = PBXHeadersBuildPhase;
			buildActionMask = 2147483647;
			files = (
				BA54B82D210B70E000A5F22F /* JetLib.h in Headers */,
			);
			runOnlyForDeploymentPostprocessing = 0;
		};
/* End PBXHeadersBuildPhase section */

/* Begin PBXNativeTarget section */
		BA54B81B210B70DF00A5F22F /* JetLib */ = {
			isa = PBXNativeTarget;
			buildConfigurationList = BA54B830210B70E000A5F22F /* Build configuration list for PBXNativeTarget "JetLib" */;
			buildPhases = (
				BA54B817210B70DF00A5F22F /* Sources */,
				BA54B818210B70DF00A5F22F /* Frameworks */,
				BA54B819210B70DF00A5F22F /* Headers */,
				BA54B81A210B70DF00A5F22F /* Resources */,
			);
			buildRules = (
			);
			dependencies = (
			);
			name = JetLib;
			productName = JetLib;
			productReference = BA54B81C210B70DF00A5F22F /* JetLib.framework */;
			productType = "com.apple.product-type.framework";
		};
		BA54B824210B70E000A5F22F /* JetLibTests */ = {
			isa = PBXNativeTarget;
			buildConfigurationList = BA54B833210B70E000A5F22F /* Build configuration list for PBXNativeTarget "JetLibTests" */;
			buildPhases = (
				BA54B821210B70E000A5F22F /* Sources */,
				BA54B822210B70E000A5F22F /* Frameworks */,
				BA54B823210B70E000A5F22F /* Resources */,
			);
			buildRules = (
			);
			dependencies = (
				BA54B828210B70E000A5F22F /* PBXTargetDependency */,
				BAA652CF2188B78100E4BDC3 /* PBXTargetDependency */,
			);
			name = JetLibTests;
			productName = JetLibTests;
			productReference = BA54B825210B70E000A5F22F /* JetLibTests.xctest */;
			productType = "com.apple.product-type.bundle.unit-test";
		};
		BAA652BB2188B77400E4BDC3 /* fakeTestApp */ = {
			isa = PBXNativeTarget;
			buildConfigurationList = BAA652CB2188B77400E4BDC3 /* Build configuration list for PBXNativeTarget "fakeTestApp" */;
			buildPhases = (
				BAA652B82188B77400E4BDC3 /* Sources */,
				BAA652B92188B77400E4BDC3 /* Frameworks */,
				BAA652BA2188B77400E4BDC3 /* Resources */,
			);
			buildRules = (
			);
			dependencies = (
			);
			name = fakeTestApp;
			productName = fakeTestApp;
			productReference = BAA652BC2188B77400E4BDC3 /* fakeTestApp.app */;
			productType = "com.apple.product-type.application";
		};
/* End PBXNativeTarget section */

/* Begin PBXProject section */
		BA54B813210B70DF00A5F22F /* Project object */ = {
			isa = PBXProject;
			attributes = {
				LastSwiftUpdateCheck = 1000;
				LastUpgradeCheck = 0930;
				TargetAttributes = {
					BA54B81B210B70DF00A5F22F = {
						CreatedOnToolsVersion = 9.3;
						LastSwiftMigration = 1010;
					};
					BA54B824210B70E000A5F22F = {
						CreatedOnToolsVersion = 9.3;
						LastSwiftMigration = 1010;
						TestTargetID = BAA652BB2188B77400E4BDC3;
					};
					BAA652BB2188B77400E4BDC3 = {
						CreatedOnToolsVersion = 10.0;
					};
				};
			};
			buildConfigurationList = BA54B816210B70DF00A5F22F /* Build configuration list for PBXProject "JetLib" */;
			compatibilityVersion = "Xcode 9.3";
			developmentRegion = en;
			hasScannedForEncodings = 0;
			knownRegions = (
				en,
				Base,
			);
			mainGroup = BA54B812210B70DF00A5F22F;
			productRefGroup = BA54B81D210B70DF00A5F22F /* Products */;
			projectDirPath = "";
			projectRoot = "";
			targets = (
				BA54B81B210B70DF00A5F22F /* JetLib */,
				BA54B824210B70E000A5F22F /* JetLibTests */,
				BAA652BB2188B77400E4BDC3 /* fakeTestApp */,
			);
		};
/* End PBXProject section */

/* Begin PBXResourcesBuildPhase section */
		BA54B81A210B70DF00A5F22F /* Resources */ = {
			isa = PBXResourcesBuildPhase;
			buildActionMask = 2147483647;
			files = (
				BA0845342168F1A6009DDB72 /* JetLib.podspec in Resources */,
			);
			runOnlyForDeploymentPostprocessing = 0;
		};
		BA54B823210B70E000A5F22F /* Resources */ = {
			isa = PBXResourcesBuildPhase;
			buildActionMask = 2147483647;
			files = (
			);
			runOnlyForDeploymentPostprocessing = 0;
		};
		BAA652BA2188B77400E4BDC3 /* Resources */ = {
			isa = PBXResourcesBuildPhase;
			buildActionMask = 2147483647;
			files = (
				BAA652C92188B77400E4BDC3 /* LaunchScreen.storyboard in Resources */,
				BAA652C62188B77400E4BDC3 /* Assets.xcassets in Resources */,
				BAA652C42188B77400E4BDC3 /* Main.storyboard in Resources */,
			);
			runOnlyForDeploymentPostprocessing = 0;
		};
/* End PBXResourcesBuildPhase section */

/* Begin PBXSourcesBuildPhase section */
		BA54B817210B70DF00A5F22F /* Sources */ = {
			isa = PBXSourcesBuildPhase;
			buildActionMask = 2147483647;
			files = (
				BA54B85E210B73BF00A5F22F /* UIButton+Command.swift in Sources */,
				BA9EB30821135DDA0008C539 /* Task+Chain.swift in Sources */,
				BAA652D6218A127200E4BDC3 /* ValueConverter.swift in Sources */,
				BAD07BA8217001D500F0B451 /* AsyncCommand.swift in Sources */,
				BA18413F21B4170300253718 /* ViewModel+TaskStorage.swift in Sources */,
				BA54B862210B73BF00A5F22F /* SerialCommand.swift in Sources */,
				BA68135B21D29271008BE2FA /* HttpClient+Exception.swift in Sources */,
				BAA652D22189DBEA00E4BDC3 /* UIControls+BindingTarget.swift in Sources */,
				BA6666832163717D0004D41B /* ViewModel+Updating.swift in Sources */,
				BA7D58CD21CFBFA3008A3177 /* Observable+Correction.swift in Sources */,
				BA54B869210B73F600A5F22F /* Task+DispatchQueue.swift in Sources */,
				BA7CEDFB211C95C700C81653 /* Task+Status.swift in Sources */,
				BAED2511218CD46B00F68E96 /* BindingTarget+Validation.swift in Sources */,
				BA541F56212D615500904EC4 /* ActionCommand.swift in Sources */,
				BA7BF56A218CB20000647286 /* Observable+Validation.swift in Sources */,
				BA73AEEE21522E44002AD0E9 /* HttpClient+Mocks.swift in Sources */,
				BADE86F421A828D600282B1B /* SlideMenu.swift in Sources */,
				BA68136921D4D77C008BE2FA /* Alerts.swift in Sources */,
				BA541F8F212D662200904EC4 /* SpinLock.swift in Sources */,
				BA66667F216371120004D41B /* ViewModel.swift in Sources */,
				BA6666812163711D0004D41B /* View.swift in Sources */,
				BAED2513218CD7DF00F68E96 /* Binding.swift in Sources */,
				BA54B860210B73BF00A5F22F /* Command.swift in Sources */,
				BA68135921D27C4A008BE2FA /* HttpClient+Decoding.swift in Sources */,
				BAC82014210F7AAC0011DCF3 /* HttpClient.swift in Sources */,
				BA4E95B8212F07A2009B2154 /* HttpClient+Requests.swift in Sources */,
				BA68136B21D4DD6B008BE2FA /* UIViewContlroller+Alerts.swift in Sources */,
				BA54B86B210B73F600A5F22F /* Task.swift in Sources */,
				BAA652D4218A124200E4BDC3 /* BindingTarget.swift in Sources */,
				BA18413B21B2D34600253718 /* Exception.swift in Sources */,
				BA18413D21B2D87B00253718 /* VIewModel+DataLoader.swift in Sources */,
				BACD957D21763AED008396D5 /* Observable.swift in Sources */,
				BAD07B2F219E10D4003111E9 /* Observable+Merge.swift in Sources */,
				BA6666882163B4EA0004D41B /* UIViewController+View.swift in Sources */,
				BA7CEDF8211C954000C81653 /* Task+Source.swift in Sources */,
				BA436E76215FCE3C000A59D1 /* ContainerViewController.swift in Sources */,
				BAC445282136A112005AB974 /* TaskGroup.swift in Sources */,
			);
			runOnlyForDeploymentPostprocessing = 0;
		};
		BA54B821210B70E000A5F22F /* Sources */ = {
			isa = PBXSourcesBuildPhase;
			buildActionMask = 2147483647;
			files = (
				BAC4452D2137FCE0005AB974 /* TaskGroupTests.swift in Sources */,
				BAA652D8218AFD2900E4BDC3 /* BindingTargetTests.swift in Sources */,
				BAD7481C213823F000259F95 /* UIButtonCommandTests.swift in Sources */,
				BAC4451B21357E19005AB974 /* HTTPURLResponse.swift in Sources */,
				BAF27E9321906E390075B6F1 /* BindingValidationTests.swift in Sources */,
				BAF27E8F219046AA0075B6F1 /* ViewModelUpdatingTests.swift in Sources */,
				BAC4451921357BEC005AB974 /* TestError.swift in Sources */,
				BAC820232111F0AF0011DCF3 /* TaskExecutionTests.swift in Sources */,
				BAC44514213566F1005AB974 /* HttpClientBasicTests.swift in Sources */,
				BA6666862163850B0004D41B /* ViewModelTests.swift in Sources */,
				BAD07BAA2170108E00F0B451 /* AsyncCommandTests.swift in Sources */,
				BACD958021775E94008396D5 /* ObservableTests.swift in Sources */,
				BAC4451D21358679005AB974 /* HttpClientHelpersTests.swift in Sources */,
				BA7CEDFE211C966400C81653 /* TaskSourceTests.swift in Sources */,
				BA7D58CF21CFD9DA008A3177 /* Observable+Correction.swift in Sources */,
				BAD7481A213823D100259F95 /* ActionCommandTests.swift in Sources */,
				BA9F254E211CA679009ABE47 /* TaskChainTests.swift in Sources */,
				BA66668A2163C3940004D41B /* ViewLifecycleTests.swift in Sources */,
				BA73AEEC21522D2C002AD0E9 /* HttpMocksTests.swift in Sources */,
				BAE6485821384CC9000BB449 /* XCTestCase.swift in Sources */,
			);
			runOnlyForDeploymentPostprocessing = 0;
		};
		BAA652B82188B77400E4BDC3 /* Sources */ = {
			isa = PBXSourcesBuildPhase;
			buildActionMask = 2147483647;
			files = (
				BAA652C12188B77400E4BDC3 /* ViewController.swift in Sources */,
				BAA652BF2188B77400E4BDC3 /* AppDelegate.swift in Sources */,
			);
			runOnlyForDeploymentPostprocessing = 0;
		};
/* End PBXSourcesBuildPhase section */

/* Begin PBXTargetDependency section */
		BA54B828210B70E000A5F22F /* PBXTargetDependency */ = {
			isa = PBXTargetDependency;
			target = BA54B81B210B70DF00A5F22F /* JetLib */;
			targetProxy = BA54B827210B70E000A5F22F /* PBXContainerItemProxy */;
		};
		BAA652CF2188B78100E4BDC3 /* PBXTargetDependency */ = {
			isa = PBXTargetDependency;
			target = BAA652BB2188B77400E4BDC3 /* fakeTestApp */;
			targetProxy = BAA652CE2188B78100E4BDC3 /* PBXContainerItemProxy */;
		};
/* End PBXTargetDependency section */

/* Begin PBXVariantGroup section */
		BAA652C22188B77400E4BDC3 /* Main.storyboard */ = {
			isa = PBXVariantGroup;
			children = (
				BAA652C32188B77400E4BDC3 /* Base */,
			);
			name = Main.storyboard;
			sourceTree = "<group>";
		};
		BAA652C72188B77400E4BDC3 /* LaunchScreen.storyboard */ = {
			isa = PBXVariantGroup;
			children = (
				BAA652C82188B77400E4BDC3 /* Base */,
			);
			name = LaunchScreen.storyboard;
			sourceTree = "<group>";
		};
/* End PBXVariantGroup section */

/* Begin XCBuildConfiguration section */
		BA54B82E210B70E000A5F22F /* Debug */ = {
			isa = XCBuildConfiguration;
			buildSettings = {
				ALWAYS_SEARCH_USER_PATHS = NO;
				CLANG_ANALYZER_NONNULL = YES;
				CLANG_ANALYZER_NUMBER_OBJECT_CONVERSION = YES_AGGRESSIVE;
				CLANG_CXX_LANGUAGE_STANDARD = "gnu++14";
				CLANG_CXX_LIBRARY = "libc++";
				CLANG_ENABLE_MODULES = YES;
				CLANG_ENABLE_OBJC_ARC = YES;
				CLANG_ENABLE_OBJC_WEAK = YES;
				CLANG_WARN_BLOCK_CAPTURE_AUTORELEASING = YES;
				CLANG_WARN_BOOL_CONVERSION = YES;
				CLANG_WARN_COMMA = YES;
				CLANG_WARN_CONSTANT_CONVERSION = YES;
				CLANG_WARN_DEPRECATED_OBJC_IMPLEMENTATIONS = YES;
				CLANG_WARN_DIRECT_OBJC_ISA_USAGE = YES_ERROR;
				CLANG_WARN_DOCUMENTATION_COMMENTS = YES;
				CLANG_WARN_EMPTY_BODY = YES;
				CLANG_WARN_ENUM_CONVERSION = YES;
				CLANG_WARN_INFINITE_RECURSION = YES;
				CLANG_WARN_INT_CONVERSION = YES;
				CLANG_WARN_NON_LITERAL_NULL_CONVERSION = YES;
				CLANG_WARN_OBJC_IMPLICIT_RETAIN_SELF = YES;
				CLANG_WARN_OBJC_LITERAL_CONVERSION = YES;
				CLANG_WARN_OBJC_ROOT_CLASS = YES_ERROR;
				CLANG_WARN_RANGE_LOOP_ANALYSIS = YES;
				CLANG_WARN_STRICT_PROTOTYPES = YES;
				CLANG_WARN_SUSPICIOUS_MOVE = YES;
				CLANG_WARN_UNGUARDED_AVAILABILITY = YES_AGGRESSIVE;
				CLANG_WARN_UNREACHABLE_CODE = YES;
				CLANG_WARN__DUPLICATE_METHOD_MATCH = YES;
				CODE_SIGN_IDENTITY = "iPhone Developer";
				COPY_PHASE_STRIP = NO;
				CURRENT_PROJECT_VERSION = 1;
				DEBUG_INFORMATION_FORMAT = dwarf;
				ENABLE_STRICT_OBJC_MSGSEND = YES;
				ENABLE_TESTABILITY = YES;
				GCC_C_LANGUAGE_STANDARD = gnu11;
				GCC_DYNAMIC_NO_PIC = NO;
				GCC_NO_COMMON_BLOCKS = YES;
				GCC_OPTIMIZATION_LEVEL = 0;
				GCC_PREPROCESSOR_DEFINITIONS = (
					"DEBUG=1",
					"$(inherited)",
				);
				GCC_WARN_64_TO_32_BIT_CONVERSION = YES;
				GCC_WARN_ABOUT_RETURN_TYPE = YES_ERROR;
				GCC_WARN_UNDECLARED_SELECTOR = YES;
				GCC_WARN_UNINITIALIZED_AUTOS = YES_AGGRESSIVE;
				GCC_WARN_UNUSED_FUNCTION = YES;
				GCC_WARN_UNUSED_VARIABLE = YES;
				IPHONEOS_DEPLOYMENT_TARGET = 10.0;
				MTL_ENABLE_DEBUG_INFO = YES;
				ONLY_ACTIVE_ARCH = YES;
				SDKROOT = iphoneos;
				SWIFT_ACTIVE_COMPILATION_CONDITIONS = DEBUG;
				SWIFT_OPTIMIZATION_LEVEL = "-Onone";
				VERSIONING_SYSTEM = "apple-generic";
				VERSION_INFO_PREFIX = "";
			};
			name = Debug;
		};
		BA54B82F210B70E000A5F22F /* Release */ = {
			isa = XCBuildConfiguration;
			buildSettings = {
				ALWAYS_SEARCH_USER_PATHS = NO;
				CLANG_ANALYZER_NONNULL = YES;
				CLANG_ANALYZER_NUMBER_OBJECT_CONVERSION = YES_AGGRESSIVE;
				CLANG_CXX_LANGUAGE_STANDARD = "gnu++14";
				CLANG_CXX_LIBRARY = "libc++";
				CLANG_ENABLE_MODULES = YES;
				CLANG_ENABLE_OBJC_ARC = YES;
				CLANG_ENABLE_OBJC_WEAK = YES;
				CLANG_WARN_BLOCK_CAPTURE_AUTORELEASING = YES;
				CLANG_WARN_BOOL_CONVERSION = YES;
				CLANG_WARN_COMMA = YES;
				CLANG_WARN_CONSTANT_CONVERSION = YES;
				CLANG_WARN_DEPRECATED_OBJC_IMPLEMENTATIONS = YES;
				CLANG_WARN_DIRECT_OBJC_ISA_USAGE = YES_ERROR;
				CLANG_WARN_DOCUMENTATION_COMMENTS = YES;
				CLANG_WARN_EMPTY_BODY = YES;
				CLANG_WARN_ENUM_CONVERSION = YES;
				CLANG_WARN_INFINITE_RECURSION = YES;
				CLANG_WARN_INT_CONVERSION = YES;
				CLANG_WARN_NON_LITERAL_NULL_CONVERSION = YES;
				CLANG_WARN_OBJC_IMPLICIT_RETAIN_SELF = YES;
				CLANG_WARN_OBJC_LITERAL_CONVERSION = YES;
				CLANG_WARN_OBJC_ROOT_CLASS = YES_ERROR;
				CLANG_WARN_RANGE_LOOP_ANALYSIS = YES;
				CLANG_WARN_STRICT_PROTOTYPES = YES;
				CLANG_WARN_SUSPICIOUS_MOVE = YES;
				CLANG_WARN_UNGUARDED_AVAILABILITY = YES_AGGRESSIVE;
				CLANG_WARN_UNREACHABLE_CODE = YES;
				CLANG_WARN__DUPLICATE_METHOD_MATCH = YES;
				CODE_SIGN_IDENTITY = "iPhone Developer";
				COPY_PHASE_STRIP = NO;
				CURRENT_PROJECT_VERSION = 1;
				DEBUG_INFORMATION_FORMAT = "dwarf-with-dsym";
				ENABLE_NS_ASSERTIONS = NO;
				ENABLE_STRICT_OBJC_MSGSEND = YES;
				GCC_C_LANGUAGE_STANDARD = gnu11;
				GCC_NO_COMMON_BLOCKS = YES;
				GCC_WARN_64_TO_32_BIT_CONVERSION = YES;
				GCC_WARN_ABOUT_RETURN_TYPE = YES_ERROR;
				GCC_WARN_UNDECLARED_SELECTOR = YES;
				GCC_WARN_UNINITIALIZED_AUTOS = YES_AGGRESSIVE;
				GCC_WARN_UNUSED_FUNCTION = YES;
				GCC_WARN_UNUSED_VARIABLE = YES;
				IPHONEOS_DEPLOYMENT_TARGET = 10.0;
				MTL_ENABLE_DEBUG_INFO = NO;
				SDKROOT = iphoneos;
				SWIFT_COMPILATION_MODE = wholemodule;
				SWIFT_OPTIMIZATION_LEVEL = "-O";
				VALIDATE_PRODUCT = YES;
				VERSIONING_SYSTEM = "apple-generic";
				VERSION_INFO_PREFIX = "";
			};
			name = Release;
		};
		BA54B831210B70E000A5F22F /* Debug */ = {
			isa = XCBuildConfiguration;
			buildSettings = {
				CLANG_ENABLE_MODULES = YES;
				CODE_SIGN_IDENTITY = "";
				CODE_SIGN_STYLE = Automatic;
				DEFINES_MODULE = YES;
				DYLIB_COMPATIBILITY_VERSION = 1;
				DYLIB_CURRENT_VERSION = 1;
				DYLIB_INSTALL_NAME_BASE = "@rpath";
				INFOPLIST_FILE = "$(SRCROOT)/JetLib/Info.plist";
				INSTALL_PATH = "$(LOCAL_LIBRARY_DIR)/Frameworks";
				LD_RUNPATH_SEARCH_PATHS = (
					"$(inherited)",
					"@executable_path/Frameworks",
					"@loader_path/Frameworks",
				);
				PRODUCT_BUNDLE_IDENTIFIER = com.jetlib;
				PRODUCT_NAME = "$(TARGET_NAME:c99extidentifier)";
				SKIP_INSTALL = YES;
				SWIFT_OPTIMIZATION_LEVEL = "-Onone";
				SWIFT_VERSION = 4.2;
				TARGETED_DEVICE_FAMILY = "1,2";
			};
			name = Debug;
		};
		BA54B832210B70E000A5F22F /* Release */ = {
			isa = XCBuildConfiguration;
			buildSettings = {
				CLANG_ENABLE_MODULES = YES;
				CODE_SIGN_IDENTITY = "";
				CODE_SIGN_STYLE = Automatic;
				DEFINES_MODULE = YES;
				DYLIB_COMPATIBILITY_VERSION = 1;
				DYLIB_CURRENT_VERSION = 1;
				DYLIB_INSTALL_NAME_BASE = "@rpath";
				INFOPLIST_FILE = "$(SRCROOT)/JetLib/Info.plist";
				INSTALL_PATH = "$(LOCAL_LIBRARY_DIR)/Frameworks";
				LD_RUNPATH_SEARCH_PATHS = (
					"$(inherited)",
					"@executable_path/Frameworks",
					"@loader_path/Frameworks",
				);
				PRODUCT_BUNDLE_IDENTIFIER = com.jetlib;
				PRODUCT_NAME = "$(TARGET_NAME:c99extidentifier)";
				SKIP_INSTALL = YES;
				SWIFT_VERSION = 4.2;
				TARGETED_DEVICE_FAMILY = "1,2";
			};
			name = Release;
		};
		BA54B834210B70E000A5F22F /* Debug */ = {
			isa = XCBuildConfiguration;
			buildSettings = {
				ALWAYS_EMBED_SWIFT_STANDARD_LIBRARIES = YES;
				CODE_SIGN_STYLE = Automatic;
				DEVELOPMENT_TEAM = MJ5AUMQ9YX;
				INFOPLIST_FILE = JetLibTests/Info.plist;
				LD_RUNPATH_SEARCH_PATHS = (
					"$(inherited)",
					"@executable_path/Frameworks",
					"@loader_path/Frameworks",
				);
				PRODUCT_BUNDLE_IDENTIFIER = "com.jetlib-tests";
				PRODUCT_NAME = "$(TARGET_NAME)";
				SWIFT_VERSION = 4.2;
				TARGETED_DEVICE_FAMILY = "1,2";
				TEST_HOST = "$(BUILT_PRODUCTS_DIR)/fakeTestApp.app/fakeTestApp";
			};
			name = Debug;
		};
		BA54B835210B70E000A5F22F /* Release */ = {
			isa = XCBuildConfiguration;
			buildSettings = {
				ALWAYS_EMBED_SWIFT_STANDARD_LIBRARIES = YES;
				CODE_SIGN_STYLE = Automatic;
				DEVELOPMENT_TEAM = MJ5AUMQ9YX;
				INFOPLIST_FILE = JetLibTests/Info.plist;
				LD_RUNPATH_SEARCH_PATHS = (
					"$(inherited)",
					"@executable_path/Frameworks",
					"@loader_path/Frameworks",
				);
				PRODUCT_BUNDLE_IDENTIFIER = "com.jetlib-tests";
				PRODUCT_NAME = "$(TARGET_NAME)";
				SWIFT_VERSION = 4.2;
				TARGETED_DEVICE_FAMILY = "1,2";
				TEST_HOST = "$(BUILT_PRODUCTS_DIR)/fakeTestApp.app/fakeTestApp";
			};
			name = Release;
		};
		BAA652CC2188B77400E4BDC3 /* Debug */ = {
			isa = XCBuildConfiguration;
			buildSettings = {
				ASSETCATALOG_COMPILER_APPICON_NAME = AppIcon;
				CODE_SIGN_STYLE = Automatic;
				DEVELOPMENT_TEAM = MJ5AUMQ9YX;
				INFOPLIST_FILE = fakeTestApp/Info.plist;
				IPHONEOS_DEPLOYMENT_TARGET = 12.0;
				LD_RUNPATH_SEARCH_PATHS = (
					"$(inherited)",
					"@executable_path/Frameworks",
				);
				MTL_ENABLE_DEBUG_INFO = INCLUDE_SOURCE;
				MTL_FAST_MATH = YES;
				PRODUCT_BUNDLE_IDENTIFIER = com.devpool.fakeTestApp;
				PRODUCT_NAME = "$(TARGET_NAME)";
				SWIFT_VERSION = 4.2;
				TARGETED_DEVICE_FAMILY = "1,2";
			};
			name = Debug;
		};
		BAA652CD2188B77400E4BDC3 /* Release */ = {
			isa = XCBuildConfiguration;
			buildSettings = {
				ASSETCATALOG_COMPILER_APPICON_NAME = AppIcon;
				CODE_SIGN_STYLE = Automatic;
				DEVELOPMENT_TEAM = MJ5AUMQ9YX;
				INFOPLIST_FILE = fakeTestApp/Info.plist;
				IPHONEOS_DEPLOYMENT_TARGET = 12.0;
				LD_RUNPATH_SEARCH_PATHS = (
					"$(inherited)",
					"@executable_path/Frameworks",
				);
				MTL_FAST_MATH = YES;
				PRODUCT_BUNDLE_IDENTIFIER = com.devpool.fakeTestApp;
				PRODUCT_NAME = "$(TARGET_NAME)";
				SWIFT_VERSION = 4.2;
				TARGETED_DEVICE_FAMILY = "1,2";
			};
			name = Release;
		};
/* End XCBuildConfiguration section */

/* Begin XCConfigurationList section */
		BA54B816210B70DF00A5F22F /* Build configuration list for PBXProject "JetLib" */ = {
			isa = XCConfigurationList;
			buildConfigurations = (
				BA54B82E210B70E000A5F22F /* Debug */,
				BA54B82F210B70E000A5F22F /* Release */,
			);
			defaultConfigurationIsVisible = 0;
			defaultConfigurationName = Release;
		};
		BA54B830210B70E000A5F22F /* Build configuration list for PBXNativeTarget "JetLib" */ = {
			isa = XCConfigurationList;
			buildConfigurations = (
				BA54B831210B70E000A5F22F /* Debug */,
				BA54B832210B70E000A5F22F /* Release */,
			);
			defaultConfigurationIsVisible = 0;
			defaultConfigurationName = Release;
		};
		BA54B833210B70E000A5F22F /* Build configuration list for PBXNativeTarget "JetLibTests" */ = {
			isa = XCConfigurationList;
			buildConfigurations = (
				BA54B834210B70E000A5F22F /* Debug */,
				BA54B835210B70E000A5F22F /* Release */,
			);
			defaultConfigurationIsVisible = 0;
			defaultConfigurationName = Release;
		};
		BAA652CB2188B77400E4BDC3 /* Build configuration list for PBXNativeTarget "fakeTestApp" */ = {
			isa = XCConfigurationList;
			buildConfigurations = (
				BAA652CC2188B77400E4BDC3 /* Debug */,
				BAA652CD2188B77400E4BDC3 /* Release */,
			);
			defaultConfigurationIsVisible = 0;
			defaultConfigurationName = Release;
		};
/* End XCConfigurationList section */
	};
	rootObject = BA54B813210B70DF00A5F22F /* Project object */;
}
