// !$*UTF8*$!
{
	archiveVersion = 1;
	classes = {
	};
	objectVersion = 50;
	objects = {

/* Begin PBXBuildFile section */
		BA169968222846F900351F44 /* JetUI.framework in Frameworks */ = {isa = PBXBuildFile; fileRef = BA30529821E3BAF900C6F56A /* JetUI.framework */; };
		BA169969222846F900351F44 /* JetUI.framework in Embed Frameworks */ = {isa = PBXBuildFile; fileRef = BA30529821E3BAF900C6F56A /* JetUI.framework */; settings = {ATTRIBUTES = (CodeSignOnCopy, RemoveHeadersOnCopy, ); }; };
		BA16996B2228470000351F44 /* JetLib.framework in Frameworks */ = {isa = PBXBuildFile; fileRef = BAA4E78F216EB64E00A60DC0 /* JetLib.framework */; };
		BA16996C2228470000351F44 /* JetLib.framework in Embed Frameworks */ = {isa = PBXBuildFile; fileRef = BAA4E78F216EB64E00A60DC0 /* JetLib.framework */; settings = {ATTRIBUTES = (CodeSignOnCopy, RemoveHeadersOnCopy, ); }; };
		BA169984222E7BDD00351F44 /* LoginViewModel.swift in Sources */ = {isa = PBXBuildFile; fileRef = BA169983222E7BDD00351F44 /* LoginViewModel.swift */; };
		BA169986222E7C6300351F44 /* AuthService.swift in Sources */ = {isa = PBXBuildFile; fileRef = BA169985222E7C6300351F44 /* AuthService.swift */; };
		BA169988222E7C8C00351F44 /* LoginController.swift in Sources */ = {isa = PBXBuildFile; fileRef = BA169987222E7C8C00351F44 /* LoginController.swift */; };
		BA16998A222E7CA500351F44 /* LoginFlowCoordinator.swift in Sources */ = {isa = PBXBuildFile; fileRef = BA169989222E7CA500351F44 /* LoginFlowCoordinator.swift */; };
		BA436E78215FCF4B000A59D1 /* SlideMenuSampleController.swift in Sources */ = {isa = PBXBuildFile; fileRef = BA436E77215FCF4B000A59D1 /* SlideMenuSampleController.swift */; };
		BA54B87A210B754A00A5F22F /* AppDelegate.swift in Sources */ = {isa = PBXBuildFile; fileRef = BA54B879210B754A00A5F22F /* AppDelegate.swift */; };
		BA54B87C210B754A00A5F22F /* CommandSampleController.swift in Sources */ = {isa = PBXBuildFile; fileRef = BA54B87B210B754A00A5F22F /* CommandSampleController.swift */; };
		BA54B87F210B754A00A5F22F /* Main.storyboard in Resources */ = {isa = PBXBuildFile; fileRef = BA54B87D210B754A00A5F22F /* Main.storyboard */; };
		BA54B881210B754C00A5F22F /* Assets.xcassets in Resources */ = {isa = PBXBuildFile; fileRef = BA54B880210B754C00A5F22F /* Assets.xcassets */; };
		BA54B884210B754C00A5F22F /* LaunchScreen.storyboard in Resources */ = {isa = PBXBuildFile; fileRef = BA54B882210B754C00A5F22F /* LaunchScreen.storyboard */; };
		BAED2515218CEB5700F68E96 /* BindingSampleController.swift in Sources */ = {isa = PBXBuildFile; fileRef = BAED2514218CEB5700F68E96 /* BindingSampleController.swift */; };
/* End PBXBuildFile section */

/* Begin PBXCopyFilesBuildPhase section */
		BA16996A222846FA00351F44 /* Embed Frameworks */ = {
			isa = PBXCopyFilesBuildPhase;
			buildActionMask = 2147483647;
			dstPath = "";
			dstSubfolderSpec = 10;
			files = (
				BA16996C2228470000351F44 /* JetLib.framework in Embed Frameworks */,
				BA169969222846F900351F44 /* JetUI.framework in Embed Frameworks */,
			);
			name = "Embed Frameworks";
			runOnlyForDeploymentPostprocessing = 0;
		};
/* End PBXCopyFilesBuildPhase section */

/* Begin PBXFileReference section */
		BA169983222E7BDD00351F44 /* LoginViewModel.swift */ = {isa = PBXFileReference; lastKnownFileType = sourcecode.swift; path = LoginViewModel.swift; sourceTree = "<group>"; };
		BA169985222E7C6300351F44 /* AuthService.swift */ = {isa = PBXFileReference; lastKnownFileType = sourcecode.swift; path = AuthService.swift; sourceTree = "<group>"; };
		BA169987222E7C8C00351F44 /* LoginController.swift */ = {isa = PBXFileReference; lastKnownFileType = sourcecode.swift; path = LoginController.swift; sourceTree = "<group>"; };
		BA169989222E7CA500351F44 /* LoginFlowCoordinator.swift */ = {isa = PBXFileReference; lastKnownFileType = sourcecode.swift; path = LoginFlowCoordinator.swift; sourceTree = "<group>"; };
		BA30529821E3BAF900C6F56A /* JetUI.framework */ = {isa = PBXFileReference; explicitFileType = wrapper.framework; path = JetUI.framework; sourceTree = BUILT_PRODUCTS_DIR; };
		BA436E77215FCF4B000A59D1 /* SlideMenuSampleController.swift */ = {isa = PBXFileReference; lastKnownFileType = sourcecode.swift; path = SlideMenuSampleController.swift; sourceTree = "<group>"; };
		BA54B876210B754A00A5F22F /* JetLibSamples.app */ = {isa = PBXFileReference; explicitFileType = wrapper.application; includeInIndex = 0; path = JetLibSamples.app; sourceTree = BUILT_PRODUCTS_DIR; };
		BA54B879210B754A00A5F22F /* AppDelegate.swift */ = {isa = PBXFileReference; lastKnownFileType = sourcecode.swift; path = AppDelegate.swift; sourceTree = "<group>"; };
		BA54B87B210B754A00A5F22F /* CommandSampleController.swift */ = {isa = PBXFileReference; lastKnownFileType = sourcecode.swift; path = CommandSampleController.swift; sourceTree = "<group>"; };
		BA54B87E210B754A00A5F22F /* Base */ = {isa = PBXFileReference; lastKnownFileType = file.storyboard; name = Base; path = Base.lproj/Main.storyboard; sourceTree = "<group>"; };
		BA54B880210B754C00A5F22F /* Assets.xcassets */ = {isa = PBXFileReference; lastKnownFileType = folder.assetcatalog; path = Assets.xcassets; sourceTree = "<group>"; };
		BA54B883210B754C00A5F22F /* Base */ = {isa = PBXFileReference; lastKnownFileType = file.storyboard; name = Base; path = Base.lproj/LaunchScreen.storyboard; sourceTree = "<group>"; };
		BA54B885210B754C00A5F22F /* Info.plist */ = {isa = PBXFileReference; lastKnownFileType = text.plist.xml; path = Info.plist; sourceTree = "<group>"; };
		BAA4E78F216EB64E00A60DC0 /* JetLib.framework */ = {isa = PBXFileReference; explicitFileType = wrapper.framework; path = JetLib.framework; sourceTree = BUILT_PRODUCTS_DIR; };
		BAED2514218CEB5700F68E96 /* BindingSampleController.swift */ = {isa = PBXFileReference; lastKnownFileType = sourcecode.swift; path = BindingSampleController.swift; sourceTree = "<group>"; };
/* End PBXFileReference section */

/* Begin PBXFrameworksBuildPhase section */
		BA54B873210B754A00A5F22F /* Frameworks */ = {
			isa = PBXFrameworksBuildPhase;
			buildActionMask = 2147483647;
			files = (
				BA16996B2228470000351F44 /* JetLib.framework in Frameworks */,
				BA169968222846F900351F44 /* JetUI.framework in Frameworks */,
			);
			runOnlyForDeploymentPostprocessing = 0;
		};
/* End PBXFrameworksBuildPhase section */

/* Begin PBXGroup section */
		BA169982222E7BCB00351F44 /* Login */ = {
			isa = PBXGroup;
			children = (
				BA169983222E7BDD00351F44 /* LoginViewModel.swift */,
				BA169985222E7C6300351F44 /* AuthService.swift */,
				BA169987222E7C8C00351F44 /* LoginController.swift */,
				BA169989222E7CA500351F44 /* LoginFlowCoordinator.swift */,
			);
			path = Login;
			sourceTree = "<group>";
		};
		BA54B86D210B754A00A5F22F = {
			isa = PBXGroup;
			children = (
				BA54B878210B754A00A5F22F /* JetLibSamples */,
				BA54B877210B754A00A5F22F /* Products */,
				BAA4E78E216EB64E00A60DC0 /* Frameworks */,
			);
			sourceTree = "<group>";
		};
		BA54B877210B754A00A5F22F /* Products */ = {
			isa = PBXGroup;
			children = (
				BA54B876210B754A00A5F22F /* JetLibSamples.app */,
			);
			name = Products;
			sourceTree = "<group>";
		};
		BA54B878210B754A00A5F22F /* JetLibSamples */ = {
			isa = PBXGroup;
			children = (
				BA169982222E7BCB00351F44 /* Login */,
				BA54B879210B754A00A5F22F /* AppDelegate.swift */,
				BAED2514218CEB5700F68E96 /* BindingSampleController.swift */,
				BA54B87B210B754A00A5F22F /* CommandSampleController.swift */,
				BA436E77215FCF4B000A59D1 /* SlideMenuSampleController.swift */,
				BA54B87D210B754A00A5F22F /* Main.storyboard */,
				BA54B880210B754C00A5F22F /* Assets.xcassets */,
				BA54B882210B754C00A5F22F /* LaunchScreen.storyboard */,
				BA54B885210B754C00A5F22F /* Info.plist */,
			);
			path = JetLibSamples;
			sourceTree = "<group>";
		};
		BAA4E78E216EB64E00A60DC0 /* Frameworks */ = {
			isa = PBXGroup;
			children = (
				BA30529821E3BAF900C6F56A /* JetUI.framework */,
				BAA4E78F216EB64E00A60DC0 /* JetLib.framework */,
			);
			name = Frameworks;
			sourceTree = "<group>";
		};
/* End PBXGroup section */

/* Begin PBXNativeTarget section */
		BA54B875210B754A00A5F22F /* JetLibSamples */ = {
			isa = PBXNativeTarget;
			buildConfigurationList = BA54B888210B754C00A5F22F /* Build configuration list for PBXNativeTarget "JetLibSamples" */;
			buildPhases = (
				BA54B872210B754A00A5F22F /* Sources */,
				BA54B873210B754A00A5F22F /* Frameworks */,
				BA54B874210B754A00A5F22F /* Resources */,
				BA16996A222846FA00351F44 /* Embed Frameworks */,
			);
			buildRules = (
			);
			dependencies = (
			);
			name = JetLibSamples;
			productName = JetLibSamples;
			productReference = BA54B876210B754A00A5F22F /* JetLibSamples.app */;
			productType = "com.apple.product-type.application";
		};
/* End PBXNativeTarget section */

/* Begin PBXProject section */
		BA54B86E210B754A00A5F22F /* Project object */ = {
			isa = PBXProject;
			attributes = {
				LastSwiftUpdateCheck = 0930;
				LastUpgradeCheck = 0930;
				ORGANIZATIONNAME = "Vladimir Benkevich";
				TargetAttributes = {
					BA54B875210B754A00A5F22F = {
						CreatedOnToolsVersion = 9.3;
					};
				};
			};
			buildConfigurationList = BA54B871210B754A00A5F22F /* Build configuration list for PBXProject "JetLibSamples" */;
			compatibilityVersion = "Xcode 9.3";
			developmentRegion = en;
			hasScannedForEncodings = 0;
			knownRegions = (
				en,
				Base,
			);
			mainGroup = BA54B86D210B754A00A5F22F;
			productRefGroup = BA54B877210B754A00A5F22F /* Products */;
			projectDirPath = "";
			projectRoot = "";
			targets = (
				BA54B875210B754A00A5F22F /* JetLibSamples */,
			);
		};
/* End PBXProject section */

/* Begin PBXResourcesBuildPhase section */
		BA54B874210B754A00A5F22F /* Resources */ = {
			isa = PBXResourcesBuildPhase;
			buildActionMask = 2147483647;
			files = (
				BA54B884210B754C00A5F22F /* LaunchScreen.storyboard in Resources */,
				BA54B881210B754C00A5F22F /* Assets.xcassets in Resources */,
				BA54B87F210B754A00A5F22F /* Main.storyboard in Resources */,
			);
			runOnlyForDeploymentPostprocessing = 0;
		};
/* End PBXResourcesBuildPhase section */

/* Begin PBXSourcesBuildPhase section */
		BA54B872210B754A00A5F22F /* Sources */ = {
			isa = PBXSourcesBuildPhase;
			buildActionMask = 2147483647;
			files = (
				BA436E78215FCF4B000A59D1 /* SlideMenuSampleController.swift in Sources */,
				BAED2515218CEB5700F68E96 /* BindingSampleController.swift in Sources */,
				BA169984222E7BDD00351F44 /* LoginViewModel.swift in Sources */,
				BA54B87C210B754A00A5F22F /* CommandSampleController.swift in Sources */,
				BA54B87A210B754A00A5F22F /* AppDelegate.swift in Sources */,
				BA169988222E7C8C00351F44 /* LoginController.swift in Sources */,
				BA16998A222E7CA500351F44 /* LoginFlowCoordinator.swift in Sources */,
				BA169986222E7C6300351F44 /* AuthService.swift in Sources */,
			);
			runOnlyForDeploymentPostprocessing = 0;
		};
/* End PBXSourcesBuildPhase section */

/* Begin PBXVariantGroup section */
		BA54B87D210B754A00A5F22F /* Main.storyboard */ = {
			isa = PBXVariantGroup;
			children = (
				BA54B87E210B754A00A5F22F /* Base */,
			);
			name = Main.storyboard;
			sourceTree = "<group>";
		};
		BA54B882210B754C00A5F22F /* LaunchScreen.storyboard */ = {
			isa = PBXVariantGroup;
			children = (
				BA54B883210B754C00A5F22F /* Base */,
			);
			name = LaunchScreen.storyboard;
			sourceTree = "<group>";
		};
/* End PBXVariantGroup section */

/* Begin XCBuildConfiguration section */
		BA54B886210B754C00A5F22F /* Debug */ = {
			isa = XCBuildConfiguration;
			buildSettings = {
				ALWAYS_SEARCH_USER_PATHS = NO;
				CLANG_ANALYZER_NONNULL = YES;
				CLANG_ANALYZER_NUMBER_OBJECT_CONVERSION = YES_AGGRESSIVE;
				CLANG_CXX_LANGUAGE_STANDARD = "gnu++14";
				CLANG_CXX_LIBRARY = "libc++";
				CLANG_ENABLE_MODULES = YES;
				CLANG_ENABLE_OBJC_ARC = YES;
				CLANG_ENABLE_OBJC_WEAK = YES;
				CLANG_WARN_BLOCK_CAPTURE_AUTORELEASING = YES;
				CLANG_WARN_BOOL_CONVERSION = YES;
				CLANG_WARN_COMMA = YES;
				CLANG_WARN_CONSTANT_CONVERSION = YES;
				CLANG_WARN_DEPRECATED_OBJC_IMPLEMENTATIONS = YES;
				CLANG_WARN_DIRECT_OBJC_ISA_USAGE = YES_ERROR;
				CLANG_WARN_DOCUMENTATION_COMMENTS = YES;
				CLANG_WARN_EMPTY_BODY = YES;
				CLANG_WARN_ENUM_CONVERSION = YES;
				CLANG_WARN_INFINITE_RECURSION = YES;
				CLANG_WARN_INT_CONVERSION = YES;
				CLANG_WARN_NON_LITERAL_NULL_CONVERSION = YES;
				CLANG_WARN_OBJC_IMPLICIT_RETAIN_SELF = YES;
				CLANG_WARN_OBJC_LITERAL_CONVERSION = YES;
				CLANG_WARN_OBJC_ROOT_CLASS = YES_ERROR;
				CLANG_WARN_RANGE_LOOP_ANALYSIS = YES;
				CLANG_WARN_STRICT_PROTOTYPES = YES;
				CLANG_WARN_SUSPICIOUS_MOVE = YES;
				CLANG_WARN_UNGUARDED_AVAILABILITY = YES_AGGRESSIVE;
				CLANG_WARN_UNREACHABLE_CODE = YES;
				CLANG_WARN__DUPLICATE_METHOD_MATCH = YES;
				CODE_SIGN_IDENTITY = "iPhone Developer";
				COPY_PHASE_STRIP = NO;
				DEBUG_INFORMATION_FORMAT = dwarf;
				ENABLE_STRICT_OBJC_MSGSEND = YES;
				ENABLE_TESTABILITY = YES;
				GCC_C_LANGUAGE_STANDARD = gnu11;
				GCC_DYNAMIC_NO_PIC = NO;
				GCC_NO_COMMON_BLOCKS = YES;
				GCC_OPTIMIZATION_LEVEL = 0;
				GCC_PREPROCESSOR_DEFINITIONS = (
					"DEBUG=1",
					"$(inherited)",
				);
				GCC_WARN_64_TO_32_BIT_CONVERSION = YES;
				GCC_WARN_ABOUT_RETURN_TYPE = YES_ERROR;
				GCC_WARN_UNDECLARED_SELECTOR = YES;
				GCC_WARN_UNINITIALIZED_AUTOS = YES_AGGRESSIVE;
				GCC_WARN_UNUSED_FUNCTION = YES;
				GCC_WARN_UNUSED_VARIABLE = YES;
				IPHONEOS_DEPLOYMENT_TARGET = 11.3;
				MTL_ENABLE_DEBUG_INFO = YES;
				ONLY_ACTIVE_ARCH = YES;
				SDKROOT = iphoneos;
				SWIFT_ACTIVE_COMPILATION_CONDITIONS = DEBUG;
				SWIFT_OPTIMIZATION_LEVEL = "-Onone";
			};
			name = Debug;
		};
		BA54B887210B754C00A5F22F /* Release */ = {
			isa = XCBuildConfiguration;
			buildSettings = {
				ALWAYS_SEARCH_USER_PATHS = NO;
				CLANG_ANALYZER_NONNULL = YES;
				CLANG_ANALYZER_NUMBER_OBJECT_CONVERSION = YES_AGGRESSIVE;
				CLANG_CXX_LANGUAGE_STANDARD = "gnu++14";
				CLANG_CXX_LIBRARY = "libc++";
				CLANG_ENABLE_MODULES = YES;
				CLANG_ENABLE_OBJC_ARC = YES;
				CLANG_ENABLE_OBJC_WEAK = YES;
				CLANG_WARN_BLOCK_CAPTURE_AUTORELEASING = YES;
				CLANG_WARN_BOOL_CONVERSION = YES;
				CLANG_WARN_COMMA = YES;
				CLANG_WARN_CONSTANT_CONVERSION = YES;
				CLANG_WARN_DEPRECATED_OBJC_IMPLEMENTATIONS = YES;
				CLANG_WARN_DIRECT_OBJC_ISA_USAGE = YES_ERROR;
				CLANG_WARN_DOCUMENTATION_COMMENTS = YES;
				CLANG_WARN_EMPTY_BODY = YES;
				CLANG_WARN_ENUM_CONVERSION = YES;
				CLANG_WARN_INFINITE_RECURSION = YES;
				CLANG_WARN_INT_CONVERSION = YES;
				CLANG_WARN_NON_LITERAL_NULL_CONVERSION = YES;
				CLANG_WARN_OBJC_IMPLICIT_RETAIN_SELF = YES;
				CLANG_WARN_OBJC_LITERAL_CONVERSION = YES;
				CLANG_WARN_OBJC_ROOT_CLASS = YES_ERROR;
				CLANG_WARN_RANGE_LOOP_ANALYSIS = YES;
				CLANG_WARN_STRICT_PROTOTYPES = YES;
				CLANG_WARN_SUSPICIOUS_MOVE = YES;
				CLANG_WARN_UNGUARDED_AVAILABILITY = YES_AGGRESSIVE;
				CLANG_WARN_UNREACHABLE_CODE = YES;
				CLANG_WARN__DUPLICATE_METHOD_MATCH = YES;
				CODE_SIGN_IDENTITY = "iPhone Developer";
				COPY_PHASE_STRIP = NO;
				DEBUG_INFORMATION_FORMAT = "dwarf-with-dsym";
				ENABLE_NS_ASSERTIONS = NO;
				ENABLE_STRICT_OBJC_MSGSEND = YES;
				GCC_C_LANGUAGE_STANDARD = gnu11;
				GCC_NO_COMMON_BLOCKS = YES;
				GCC_WARN_64_TO_32_BIT_CONVERSION = YES;
				GCC_WARN_ABOUT_RETURN_TYPE = YES_ERROR;
				GCC_WARN_UNDECLARED_SELECTOR = YES;
				GCC_WARN_UNINITIALIZED_AUTOS = YES_AGGRESSIVE;
				GCC_WARN_UNUSED_FUNCTION = YES;
				GCC_WARN_UNUSED_VARIABLE = YES;
				IPHONEOS_DEPLOYMENT_TARGET = 11.3;
				MTL_ENABLE_DEBUG_INFO = NO;
				SDKROOT = iphoneos;
				SWIFT_COMPILATION_MODE = wholemodule;
				SWIFT_OPTIMIZATION_LEVEL = "-O";
				VALIDATE_PRODUCT = YES;
			};
			name = Release;
		};
		BA54B889210B754C00A5F22F /* Debug */ = {
			isa = XCBuildConfiguration;
			buildSettings = {
				ASSETCATALOG_COMPILER_APPICON_NAME = AppIcon;
				CODE_SIGN_STYLE = Automatic;
				DEVELOPMENT_TEAM = 6WDJKU2H55;
				INFOPLIST_FILE = JetLibSamples/Info.plist;
				LD_RUNPATH_SEARCH_PATHS = (
					"$(inherited)",
					"@executable_path/Frameworks",
				);
				PRODUCT_BUNDLE_IDENTIFIER = com.jet.samples;
				PRODUCT_NAME = "$(TARGET_NAME)";
				SWIFT_VERSION = 4.0;
				TARGETED_DEVICE_FAMILY = "1,2";
			};
			name = Debug;
		};
		BA54B88A210B754C00A5F22F /* Release */ = {
			isa = XCBuildConfiguration;
			buildSettings = {
				ASSETCATALOG_COMPILER_APPICON_NAME = AppIcon;
				CODE_SIGN_STYLE = Automatic;
				DEVELOPMENT_TEAM = 6WDJKU2H55;
				INFOPLIST_FILE = JetLibSamples/Info.plist;
				LD_RUNPATH_SEARCH_PATHS = (
					"$(inherited)",
					"@executable_path/Frameworks",
				);
				PRODUCT_BUNDLE_IDENTIFIER = com.jet.samples;
				PRODUCT_NAME = "$(TARGET_NAME)";
				SWIFT_VERSION = 4.0;
				TARGETED_DEVICE_FAMILY = "1,2";
			};
			name = Release;
		};
/* End XCBuildConfiguration section */

/* Begin XCConfigurationList section */
		BA54B871210B754A00A5F22F /* Build configuration list for PBXProject "JetLibSamples" */ = {
			isa = XCConfigurationList;
			buildConfigurations = (
				BA54B886210B754C00A5F22F /* Debug */,
				BA54B887210B754C00A5F22F /* Release */,
			);
			defaultConfigurationIsVisible = 0;
			defaultConfigurationName = Release;
		};
		BA54B888210B754C00A5F22F /* Build configuration list for PBXNativeTarget "JetLibSamples" */ = {
			isa = XCConfigurationList;
			buildConfigurations = (
				BA54B889210B754C00A5F22F /* Debug */,
				BA54B88A210B754C00A5F22F /* Release */,
			);
			defaultConfigurationIsVisible = 0;
			defaultConfigurationName = Release;
		};
/* End XCConfigurationList section */
	};
	rootObject = BA54B86E210B754A00A5F22F /* Project object */;
}
